
Microsoft Visual Studio Solution File, Format Version 12.00
# Visual Studio 15
VisualStudioVersion = 15.0.28307.539
MinimumVisualStudioVersion = 10.0.40219.1
Project("{FAE04EC0-301F-11D3-BF4B-00C04F79EFBC}") = "ConferencePlanner", "ConferencePlanner\ConferencePlanner.csproj", "{C8110E99-1588-475C-8AD9-14103CBF46CC}"
EndProject
Global
	GlobalSection(SolutionConfigurationPlatforms) = preSolution
		Debug|Any CPU = Debug|Any CPU
		Release|Any CPU = Release|Any CPU
	EndGlobalSection
	GlobalSection(ProjectConfigurationPlatforms) = postSolution
		{C8110E99-1588-475C-8AD9-14103CBF46CC}.Debug|Any CPU.ActiveCfg = Debug|Any CPU
		{C8110E99-1588-475C-8AD9-14103CBF46CC}.Debug|Any CPU.Build.0 = Debug|Any CPU
		{C8110E99-1588-475C-8AD9-14103CBF46CC}.Release|Any CPU.ActiveCfg = Release|Any CPU
		{C8110E99-1588-475C-8AD9-14103CBF46CC}.Release|Any CPU.Build.0 = Release|Any CPU
	EndGlobalSection
	GlobalSection(SolutionProperties) = preSolution
		HideSolutionNode = FALSE
	EndGlobalSection
	GlobalSection(ExtensibilityGlobals) = postSolution
		SolutionGuid = {FF6AD895-6EEB-4192-8BB5-54C494CF08B1}
	EndGlobalSection
EndGlobal
