
Microsoft Visual Studio Solution File, Format Version 12.00
# Visual Studio 15
VisualStudioVersion = 15.0.28307.539
MinimumVisualStudioVersion = 10.0.40219.1
Project("{FAE04EC0-301F-11D3-BF4B-00C04F79EFBC}") = "EFCoreApp", "EFCoreApp\EFCoreApp.csproj", "{14EF8559-CF9B-4D0C-BB47-6B9B0C48CFDF}"
EndProject
Project("{FAE04EC0-301F-11D3-BF4B-00C04F79EFBC}") = "Entities", "Entities\Entities.csproj", "{1B078642-B6B9-4EA3-8E9C-6AFD055D6F43}"
EndProject
Global
	GlobalSection(SolutionConfigurationPlatforms) = preSolution
		Debug|Any CPU = Debug|Any CPU
		Release|Any CPU = Release|Any CPU
	EndGlobalSection
	GlobalSection(ProjectConfigurationPlatforms) = postSolution
		{14EF8559-CF9B-4D0C-BB47-6B9B0C48CFDF}.Debug|Any CPU.ActiveCfg = Debug|Any CPU
		{14EF8559-CF9B-4D0C-BB47-6B9B0C48CFDF}.Debug|Any CPU.Build.0 = Debug|Any CPU
		{14EF8559-CF9B-4D0C-BB47-6B9B0C48CFDF}.Release|Any CPU.ActiveCfg = Release|Any CPU
		{14EF8559-CF9B-4D0C-BB47-6B9B0C48CFDF}.Release|Any CPU.Build.0 = Release|Any CPU
		{1B078642-B6B9-4EA3-8E9C-6AFD055D6F43}.Debug|Any CPU.ActiveCfg = Debug|Any CPU
		{1B078642-B6B9-4EA3-8E9C-6AFD055D6F43}.Debug|Any CPU.Build.0 = Debug|Any CPU
		{1B078642-B6B9-4EA3-8E9C-6AFD055D6F43}.Release|Any CPU.ActiveCfg = Release|Any CPU
		{1B078642-B6B9-4EA3-8E9C-6AFD055D6F43}.Release|Any CPU.Build.0 = Release|Any CPU
	EndGlobalSection
	GlobalSection(SolutionProperties) = preSolution
		HideSolutionNode = FALSE
	EndGlobalSection
	GlobalSection(ExtensibilityGlobals) = postSolution
		SolutionGuid = {C01517D6-411C-4AC0-A2B6-F04AEF9B0E07}
	EndGlobalSection
EndGlobal
