
Microsoft Visual Studio Solution File, Format Version 12.00
# Visual Studio 15
VisualStudioVersion = 15.0.28307.539
MinimumVisualStudioVersion = 10.0.40219.1
Project("{FAE04EC0-301F-11D3-BF4B-00C04F79EFBC}") = "WideWorldImporters.API", "WideWorldImporters\WideWorldImporters.API.csproj", "{AE5B23DE-357E-4F3C-8857-F12D5C3EB2B5}"
EndProject
Global
	GlobalSection(SolutionConfigurationPlatforms) = preSolution
		Debug|Any CPU = Debug|Any CPU
		Release|Any CPU = Release|Any CPU
	EndGlobalSection
	GlobalSection(ProjectConfigurationPlatforms) = postSolution
		{AE5B23DE-357E-4F3C-8857-F12D5C3EB2B5}.Debug|Any CPU.ActiveCfg = Debug|Any CPU
		{AE5B23DE-357E-4F3C-8857-F12D5C3EB2B5}.Debug|Any CPU.Build.0 = Debug|Any CPU
		{AE5B23DE-357E-4F3C-8857-F12D5C3EB2B5}.Release|Any CPU.ActiveCfg = Release|Any CPU
		{AE5B23DE-357E-4F3C-8857-F12D5C3EB2B5}.Release|Any CPU.Build.0 = Release|Any CPU
	EndGlobalSection
	GlobalSection(SolutionProperties) = preSolution
		HideSolutionNode = FALSE
	EndGlobalSection
	GlobalSection(ExtensibilityGlobals) = postSolution
		SolutionGuid = {418E9161-C8D9-4920-8B2C-F8F6E1EEED4C}
	EndGlobalSection
EndGlobal
